
Microsoft Visual Studio Solution File, Format Version 12.00
# Visual Studio Version 17
VisualStudioVersion = 17.13.35825.156 d17.13
MinimumVisualStudioVersion = 10.0.40219.1
Project("{FAE04EC0-301F-11D3-BF4B-00C04F79EFBC}") = "Login_Register", "Login_Register.csproj", "{2F1EB4BA-B9FA-4FD6-962E-C0EA131B5A9D}"
EndProject
Global
	GlobalSection(SolutionConfigurationPlatforms) = preSolution
		Debug|Any CPU = Debug|Any CPU
		Release|Any CPU = Release|Any CPU
	EndGlobalSection
	GlobalSection(ProjectConfigurationPlatforms) = postSolution
		{2F1EB4BA-B9FA-4FD6-962E-C0EA131B5A9D}.Debug|Any CPU.ActiveCfg = Debug|Any CPU
		{2F1EB4BA-B9FA-4FD6-962E-C0EA131B5A9D}.Debug|Any CPU.Build.0 = Debug|Any CPU
		{2F1EB4BA-B9FA-4FD6-962E-C0EA131B5A9D}.Release|Any CPU.ActiveCfg = Release|Any CPU
		{2F1EB4BA-B9FA-4FD6-962E-C0EA131B5A9D}.Release|Any CPU.Build.0 = Release|Any CPU
	EndGlobalSection
	GlobalSection(SolutionProperties) = preSolution
		HideSolutionNode = FALSE
	EndGlobalSection
	GlobalSection(ExtensibilityGlobals) = postSolution
		SolutionGuid = {97799167-6CE1-46D9-8F60-6CA9DA496BEF}
	EndGlobalSection
EndGlobal
